
Microsoft Visual Studio Solution File, Format Version 12.00
# Visual Studio 2013
VisualStudioVersion = 12.0.31101.0
MinimumVisualStudioVersion = 10.0.40219.1
Project("{FAE04EC0-301F-11D3-BF4B-00C04F79EFBC}") = "DomainModel", "DomainModel\DomainModel.csproj", "{AF70F216-F38E-4622-8931-5E5577F1BE7D}"
EndProject
Project("{FAE04EC0-301F-11D3-BF4B-00C04F79EFBC}") = "Repository", "Repository\Repository.csproj", "{842CA935-C055-4D21-B61A-D75104C2914B}"
EndProject
Project("{FAE04EC0-301F-11D3-BF4B-00C04F79EFBC}") = "BabySitterClubService", "BabySitterClubService\BabySitterClubService.csproj", "{F77D74A0-EA0A-422C-81AE-DED09CA34CB5}"
EndProject
Global
	GlobalSection(SolutionConfigurationPlatforms) = preSolution
		Debug|Any CPU = Debug|Any CPU
		Release|Any CPU = Release|Any CPU
	EndGlobalSection
	GlobalSection(ProjectConfigurationPlatforms) = postSolution
		{AF70F216-F38E-4622-8931-5E5577F1BE7D}.Debug|Any CPU.ActiveCfg = Debug|Any CPU
		{AF70F216-F38E-4622-8931-5E5577F1BE7D}.Debug|Any CPU.Build.0 = Debug|Any CPU
		{AF70F216-F38E-4622-8931-5E5577F1BE7D}.Release|Any CPU.ActiveCfg = Release|Any CPU
		{AF70F216-F38E-4622-8931-5E5577F1BE7D}.Release|Any CPU.Build.0 = Release|Any CPU
		{842CA935-C055-4D21-B61A-D75104C2914B}.Debug|Any CPU.ActiveCfg = Debug|Any CPU
		{842CA935-C055-4D21-B61A-D75104C2914B}.Debug|Any CPU.Build.0 = Debug|Any CPU
		{842CA935-C055-4D21-B61A-D75104C2914B}.Release|Any CPU.ActiveCfg = Release|Any CPU
		{842CA935-C055-4D21-B61A-D75104C2914B}.Release|Any CPU.Build.0 = Release|Any CPU
		{F77D74A0-EA0A-422C-81AE-DED09CA34CB5}.Debug|Any CPU.ActiveCfg = Debug|Any CPU
		{F77D74A0-EA0A-422C-81AE-DED09CA34CB5}.Debug|Any CPU.Build.0 = Debug|Any CPU
		{F77D74A0-EA0A-422C-81AE-DED09CA34CB5}.Release|Any CPU.ActiveCfg = Release|Any CPU
		{F77D74A0-EA0A-422C-81AE-DED09CA34CB5}.Release|Any CPU.Build.0 = Release|Any CPU
	EndGlobalSection
	GlobalSection(SolutionProperties) = preSolution
		HideSolutionNode = FALSE
	EndGlobalSection
EndGlobal
