
Microsoft Visual Studio Solution File, Format Version 12.00
# Visual Studio 2013
VisualStudioVersion = 12.0.31101.0
MinimumVisualStudioVersion = 10.0.40219.1
Project("{FAE04EC0-301F-11D3-BF4B-00C04F79EFBC}") = "HPSAEncryption", "HPSAEncryption\HPSAEncryption.csproj", "{63453BB8-2719-4C62-940D-742012B1C393}"
EndProject
Project("{FAE04EC0-301F-11D3-BF4B-00C04F79EFBC}") = "DspPocWebApplication", "DspPocWebApplication\DspPocWebApplication.csproj", "{25FAB46E-FDB5-4632-8F98-8AFD7469C519}"
EndProject
Global
	GlobalSection(SolutionConfigurationPlatforms) = preSolution
		Debug|Any CPU = Debug|Any CPU
		Release|Any CPU = Release|Any CPU
	EndGlobalSection
	GlobalSection(ProjectConfigurationPlatforms) = postSolution
		{63453BB8-2719-4C62-940D-742012B1C393}.Debug|Any CPU.ActiveCfg = Debug|Any CPU
		{63453BB8-2719-4C62-940D-742012B1C393}.Debug|Any CPU.Build.0 = Debug|Any CPU
		{63453BB8-2719-4C62-940D-742012B1C393}.Release|Any CPU.ActiveCfg = Release|Any CPU
		{63453BB8-2719-4C62-940D-742012B1C393}.Release|Any CPU.Build.0 = Release|Any CPU
		{25FAB46E-FDB5-4632-8F98-8AFD7469C519}.Debug|Any CPU.ActiveCfg = Debug|Any CPU
		{25FAB46E-FDB5-4632-8F98-8AFD7469C519}.Debug|Any CPU.Build.0 = Debug|Any CPU
		{25FAB46E-FDB5-4632-8F98-8AFD7469C519}.Release|Any CPU.ActiveCfg = Release|Any CPU
		{25FAB46E-FDB5-4632-8F98-8AFD7469C519}.Release|Any CPU.Build.0 = Release|Any CPU
	EndGlobalSection
	GlobalSection(SolutionProperties) = preSolution
		HideSolutionNode = FALSE
	EndGlobalSection
EndGlobal
