
Microsoft Visual Studio Solution File, Format Version 12.00
# Visual Studio 2013
VisualStudioVersion = 12.0.31101.0
MinimumVisualStudioVersion = 10.0.40219.1
Project("{FAE04EC0-301F-11D3-BF4B-00C04F79EFBC}") = "DoneillServer", "DoneillServer\DoneillServer.csproj", "{AD9039EF-E586-469F-BDC8-0D72BB77B58E}"
EndProject
Project("{FAE04EC0-301F-11D3-BF4B-00C04F79EFBC}") = "persistancelayer", "persistancelayer\persistancelayer.csproj", "{0CBD2DB7-6C37-44F4-B0B8-ADB081BF0867}"
EndProject
Global
	GlobalSection(SolutionConfigurationPlatforms) = preSolution
		Debug|Any CPU = Debug|Any CPU
		Release|Any CPU = Release|Any CPU
	EndGlobalSection
	GlobalSection(ProjectConfigurationPlatforms) = postSolution
		{AD9039EF-E586-469F-BDC8-0D72BB77B58E}.Debug|Any CPU.ActiveCfg = Debug|Any CPU
		{AD9039EF-E586-469F-BDC8-0D72BB77B58E}.Debug|Any CPU.Build.0 = Debug|Any CPU
		{AD9039EF-E586-469F-BDC8-0D72BB77B58E}.Release|Any CPU.ActiveCfg = Release|Any CPU
		{AD9039EF-E586-469F-BDC8-0D72BB77B58E}.Release|Any CPU.Build.0 = Release|Any CPU
		{0CBD2DB7-6C37-44F4-B0B8-ADB081BF0867}.Debug|Any CPU.ActiveCfg = Debug|Any CPU
		{0CBD2DB7-6C37-44F4-B0B8-ADB081BF0867}.Debug|Any CPU.Build.0 = Debug|Any CPU
		{0CBD2DB7-6C37-44F4-B0B8-ADB081BF0867}.Release|Any CPU.ActiveCfg = Release|Any CPU
		{0CBD2DB7-6C37-44F4-B0B8-ADB081BF0867}.Release|Any CPU.Build.0 = Release|Any CPU
	EndGlobalSection
	GlobalSection(SolutionProperties) = preSolution
		HideSolutionNode = FALSE
	EndGlobalSection
EndGlobal
